
Microsoft Visual Studio Solution File, Format Version 12.00
Project("{FAE04EC0-301F-11D3-BF4B-00C04F79EFBC}") = "Basics", "Basics\Basics.csproj", "{21A4EB6F-32B5-4F57-910D-B47B1243C499}"
EndProject
Global
	GlobalSection(SolutionConfigurationPlatforms) = preSolution
		Debug|Any CPU = Debug|Any CPU
		Release|Any CPU = Release|Any CPU
	EndGlobalSection
	GlobalSection(ProjectConfigurationPlatforms) = postSolution
		{21A4EB6F-32B5-4F57-910D-B47B1243C499}.Debug|Any CPU.ActiveCfg = Debug|Any CPU
		{21A4EB6F-32B5-4F57-910D-B47B1243C499}.Debug|Any CPU.Build.0 = Debug|Any CPU
		{21A4EB6F-32B5-4F57-910D-B47B1243C499}.Release|Any CPU.ActiveCfg = Release|Any CPU
		{21A4EB6F-32B5-4F57-910D-B47B1243C499}.Release|Any CPU.Build.0 = Release|Any CPU
	EndGlobalSection
EndGlobal
