
Microsoft Visual Studio Solution File, Format Version 12.00
Project("{FAE04EC0-301F-11D3-BF4B-00C04F79EFBC}") = "Uebung1", "Uebung1\Uebung1.csproj", "{D004C21D-F908-4CAF-B5C4-7C11CC8A3860}"
EndProject
Project("{FAE04EC0-301F-11D3-BF4B-00C04F79EFBC}") = "Uebung2", "Uebung2\Uebung2.csproj", "{8F43C9B1-D413-4F27-9884-BAF23BCC848A}"
EndProject
Project("{FAE04EC0-301F-11D3-BF4B-00C04F79EFBC}") = "Uebung3", "Uebung3\Uebung3.csproj", "{08D7FFC7-42E7-4D54-A74D-4A32C2BE6D86}"
EndProject
Project("{FAE04EC0-301F-11D3-BF4B-00C04F79EFBC}") = "Uebung4", "Uebung4\Uebung4.csproj", "{EC7E3086-4077-4D2F-84D2-65054D64ADB4}"
EndProject
Project("{FAE04EC0-301F-11D3-BF4B-00C04F79EFBC}") = "Uebung5", "Uebung5\Uebung5.csproj", "{5ED61A16-DD12-4B56-893F-453EEEB483CF}"
EndProject
Project("{FAE04EC0-301F-11D3-BF4B-00C04F79EFBC}") = "Uebung6", "Uebung6\Uebung6.csproj", "{31B31B68-4D90-4BCC-8977-8DDD7BFBBCD3}"
EndProject
Project("{FAE04EC0-301F-11D3-BF4B-00C04F79EFBC}") = "Uebung7", "Uebung7\Uebung7.csproj", "{B70D640B-3DE3-4447-A7A6-167DC634E7DD}"
EndProject
Project("{FAE04EC0-301F-11D3-BF4B-00C04F79EFBC}") = "Uebung8", "Uebung8\Uebung8.csproj", "{4FC57CAC-4F65-43BF-9814-3B46B118CFB6}"
EndProject
Project("{FAE04EC0-301F-11D3-BF4B-00C04F79EFBC}") = "Uebung9", "Uebung9\Uebung9.csproj", "{F6D9836F-7C20-4B13-90E5-28E7F0F1FDC8}"
EndProject
Project("{FAE04EC0-301F-11D3-BF4B-00C04F79EFBC}") = "Uebung_10", "Uebung_10\Uebung_10.csproj", "{7807A84B-4A31-4476-9A0F-06236D38F04D}"
EndProject
Project("{FAE04EC0-301F-11D3-BF4B-00C04F79EFBC}") = "Uebung_11", "Uebung_11\Uebung_11.csproj", "{1E984E4D-96B5-436B-803E-3E85A8116F39}"
EndProject
Project("{FAE04EC0-301F-11D3-BF4B-00C04F79EFBC}") = "Uebung_12", "Uebung_12\Uebung_12.csproj", "{69717A81-F0C4-4245-889D-C37B757A7726}"
EndProject
Project("{FAE04EC0-301F-11D3-BF4B-00C04F79EFBC}") = "Uebung_13", "Uebung_13\Uebung_13.csproj", "{1B73741A-862B-46AF-9529-84BAB4B429DA}"
EndProject
Project("{FAE04EC0-301F-11D3-BF4B-00C04F79EFBC}") = "Uebung_14", "Uebung_14\Uebung_14.csproj", "{20EC759C-3380-4F8A-B996-E57A569348F3}"
EndProject
Project("{FAE04EC0-301F-11D3-BF4B-00C04F79EFBC}") = "Uebung_15", "Uebung_15\Uebung_15.csproj", "{1F3DDE12-9E61-47D8-9542-5AD858EE88EA}"
EndProject
Project("{FAE04EC0-301F-11D3-BF4B-00C04F79EFBC}") = "Uebung_16", "Uebung_16\Uebung_16.csproj", "{C5CB960E-1ADB-48AE-9D00-D057C10EE422}"
EndProject
Project("{FAE04EC0-301F-11D3-BF4B-00C04F79EFBC}") = "Uebung_17", "Uebung_17\Uebung_17.csproj", "{37656FD3-019D-499C-AFD1-30CD6BB13C92}"
EndProject
Global
	GlobalSection(SolutionConfigurationPlatforms) = preSolution
		Debug|Any CPU = Debug|Any CPU
		Release|Any CPU = Release|Any CPU
	EndGlobalSection
	GlobalSection(ProjectConfigurationPlatforms) = postSolution
		{D004C21D-F908-4CAF-B5C4-7C11CC8A3860}.Debug|Any CPU.ActiveCfg = Debug|Any CPU
		{D004C21D-F908-4CAF-B5C4-7C11CC8A3860}.Debug|Any CPU.Build.0 = Debug|Any CPU
		{D004C21D-F908-4CAF-B5C4-7C11CC8A3860}.Release|Any CPU.ActiveCfg = Release|Any CPU
		{D004C21D-F908-4CAF-B5C4-7C11CC8A3860}.Release|Any CPU.Build.0 = Release|Any CPU
		{8F43C9B1-D413-4F27-9884-BAF23BCC848A}.Debug|Any CPU.ActiveCfg = Debug|Any CPU
		{8F43C9B1-D413-4F27-9884-BAF23BCC848A}.Debug|Any CPU.Build.0 = Debug|Any CPU
		{8F43C9B1-D413-4F27-9884-BAF23BCC848A}.Release|Any CPU.ActiveCfg = Release|Any CPU
		{8F43C9B1-D413-4F27-9884-BAF23BCC848A}.Release|Any CPU.Build.0 = Release|Any CPU
		{08D7FFC7-42E7-4D54-A74D-4A32C2BE6D86}.Debug|Any CPU.ActiveCfg = Debug|Any CPU
		{08D7FFC7-42E7-4D54-A74D-4A32C2BE6D86}.Debug|Any CPU.Build.0 = Debug|Any CPU
		{08D7FFC7-42E7-4D54-A74D-4A32C2BE6D86}.Release|Any CPU.ActiveCfg = Release|Any CPU
		{08D7FFC7-42E7-4D54-A74D-4A32C2BE6D86}.Release|Any CPU.Build.0 = Release|Any CPU
		{EC7E3086-4077-4D2F-84D2-65054D64ADB4}.Debug|Any CPU.ActiveCfg = Debug|Any CPU
		{EC7E3086-4077-4D2F-84D2-65054D64ADB4}.Debug|Any CPU.Build.0 = Debug|Any CPU
		{EC7E3086-4077-4D2F-84D2-65054D64ADB4}.Release|Any CPU.ActiveCfg = Release|Any CPU
		{EC7E3086-4077-4D2F-84D2-65054D64ADB4}.Release|Any CPU.Build.0 = Release|Any CPU
		{5ED61A16-DD12-4B56-893F-453EEEB483CF}.Debug|Any CPU.ActiveCfg = Debug|Any CPU
		{5ED61A16-DD12-4B56-893F-453EEEB483CF}.Debug|Any CPU.Build.0 = Debug|Any CPU
		{5ED61A16-DD12-4B56-893F-453EEEB483CF}.Release|Any CPU.ActiveCfg = Release|Any CPU
		{5ED61A16-DD12-4B56-893F-453EEEB483CF}.Release|Any CPU.Build.0 = Release|Any CPU
		{31B31B68-4D90-4BCC-8977-8DDD7BFBBCD3}.Debug|Any CPU.ActiveCfg = Debug|Any CPU
		{31B31B68-4D90-4BCC-8977-8DDD7BFBBCD3}.Debug|Any CPU.Build.0 = Debug|Any CPU
		{31B31B68-4D90-4BCC-8977-8DDD7BFBBCD3}.Release|Any CPU.ActiveCfg = Release|Any CPU
		{31B31B68-4D90-4BCC-8977-8DDD7BFBBCD3}.Release|Any CPU.Build.0 = Release|Any CPU
		{B70D640B-3DE3-4447-A7A6-167DC634E7DD}.Debug|Any CPU.ActiveCfg = Debug|Any CPU
		{B70D640B-3DE3-4447-A7A6-167DC634E7DD}.Debug|Any CPU.Build.0 = Debug|Any CPU
		{B70D640B-3DE3-4447-A7A6-167DC634E7DD}.Release|Any CPU.ActiveCfg = Release|Any CPU
		{B70D640B-3DE3-4447-A7A6-167DC634E7DD}.Release|Any CPU.Build.0 = Release|Any CPU
		{4FC57CAC-4F65-43BF-9814-3B46B118CFB6}.Debug|Any CPU.ActiveCfg = Debug|Any CPU
		{4FC57CAC-4F65-43BF-9814-3B46B118CFB6}.Debug|Any CPU.Build.0 = Debug|Any CPU
		{4FC57CAC-4F65-43BF-9814-3B46B118CFB6}.Release|Any CPU.ActiveCfg = Release|Any CPU
		{4FC57CAC-4F65-43BF-9814-3B46B118CFB6}.Release|Any CPU.Build.0 = Release|Any CPU
		{F6D9836F-7C20-4B13-90E5-28E7F0F1FDC8}.Debug|Any CPU.ActiveCfg = Debug|Any CPU
		{F6D9836F-7C20-4B13-90E5-28E7F0F1FDC8}.Debug|Any CPU.Build.0 = Debug|Any CPU
		{F6D9836F-7C20-4B13-90E5-28E7F0F1FDC8}.Release|Any CPU.ActiveCfg = Release|Any CPU
		{F6D9836F-7C20-4B13-90E5-28E7F0F1FDC8}.Release|Any CPU.Build.0 = Release|Any CPU
		{7807A84B-4A31-4476-9A0F-06236D38F04D}.Debug|Any CPU.ActiveCfg = Debug|Any CPU
		{7807A84B-4A31-4476-9A0F-06236D38F04D}.Debug|Any CPU.Build.0 = Debug|Any CPU
		{7807A84B-4A31-4476-9A0F-06236D38F04D}.Release|Any CPU.ActiveCfg = Release|Any CPU
		{7807A84B-4A31-4476-9A0F-06236D38F04D}.Release|Any CPU.Build.0 = Release|Any CPU
		{1E984E4D-96B5-436B-803E-3E85A8116F39}.Debug|Any CPU.ActiveCfg = Debug|Any CPU
		{1E984E4D-96B5-436B-803E-3E85A8116F39}.Debug|Any CPU.Build.0 = Debug|Any CPU
		{1E984E4D-96B5-436B-803E-3E85A8116F39}.Release|Any CPU.ActiveCfg = Release|Any CPU
		{1E984E4D-96B5-436B-803E-3E85A8116F39}.Release|Any CPU.Build.0 = Release|Any CPU
		{69717A81-F0C4-4245-889D-C37B757A7726}.Debug|Any CPU.ActiveCfg = Debug|Any CPU
		{69717A81-F0C4-4245-889D-C37B757A7726}.Debug|Any CPU.Build.0 = Debug|Any CPU
		{69717A81-F0C4-4245-889D-C37B757A7726}.Release|Any CPU.ActiveCfg = Release|Any CPU
		{69717A81-F0C4-4245-889D-C37B757A7726}.Release|Any CPU.Build.0 = Release|Any CPU
		{1B73741A-862B-46AF-9529-84BAB4B429DA}.Debug|Any CPU.ActiveCfg = Debug|Any CPU
		{1B73741A-862B-46AF-9529-84BAB4B429DA}.Debug|Any CPU.Build.0 = Debug|Any CPU
		{1B73741A-862B-46AF-9529-84BAB4B429DA}.Release|Any CPU.ActiveCfg = Release|Any CPU
		{1B73741A-862B-46AF-9529-84BAB4B429DA}.Release|Any CPU.Build.0 = Release|Any CPU
		{20EC759C-3380-4F8A-B996-E57A569348F3}.Debug|Any CPU.ActiveCfg = Debug|Any CPU
		{20EC759C-3380-4F8A-B996-E57A569348F3}.Debug|Any CPU.Build.0 = Debug|Any CPU
		{20EC759C-3380-4F8A-B996-E57A569348F3}.Release|Any CPU.ActiveCfg = Release|Any CPU
		{20EC759C-3380-4F8A-B996-E57A569348F3}.Release|Any CPU.Build.0 = Release|Any CPU
		{1F3DDE12-9E61-47D8-9542-5AD858EE88EA}.Debug|Any CPU.ActiveCfg = Debug|Any CPU
		{1F3DDE12-9E61-47D8-9542-5AD858EE88EA}.Debug|Any CPU.Build.0 = Debug|Any CPU
		{1F3DDE12-9E61-47D8-9542-5AD858EE88EA}.Release|Any CPU.ActiveCfg = Release|Any CPU
		{1F3DDE12-9E61-47D8-9542-5AD858EE88EA}.Release|Any CPU.Build.0 = Release|Any CPU
		{C5CB960E-1ADB-48AE-9D00-D057C10EE422}.Debug|Any CPU.ActiveCfg = Debug|Any CPU
		{C5CB960E-1ADB-48AE-9D00-D057C10EE422}.Debug|Any CPU.Build.0 = Debug|Any CPU
		{C5CB960E-1ADB-48AE-9D00-D057C10EE422}.Release|Any CPU.ActiveCfg = Release|Any CPU
		{C5CB960E-1ADB-48AE-9D00-D057C10EE422}.Release|Any CPU.Build.0 = Release|Any CPU
		{37656FD3-019D-499C-AFD1-30CD6BB13C92}.Debug|Any CPU.ActiveCfg = Debug|Any CPU
		{37656FD3-019D-499C-AFD1-30CD6BB13C92}.Debug|Any CPU.Build.0 = Debug|Any CPU
		{37656FD3-019D-499C-AFD1-30CD6BB13C92}.Release|Any CPU.ActiveCfg = Release|Any CPU
		{37656FD3-019D-499C-AFD1-30CD6BB13C92}.Release|Any CPU.Build.0 = Release|Any CPU
	EndGlobalSection
EndGlobal
